
Microsoft Visual Studio Solution File, Format Version 12.00
# Visual Studio Version 17
VisualStudioVersion = 17.2.32602.215
MinimumVisualStudioVersion = 10.0.40219.1
Project("{FAE04EC0-301F-11D3-BF4B-00C04F79EFBC}") = "FilmesAPI", "FilmesAPI\FilmesAPI.csproj", "{F8DF2523-273C-4122-9351-9195E4AA2AEC}"
EndProject
Global
	GlobalSection(SolutionConfigurationPlatforms) = preSolution
		Debug|Any CPU = Debug|Any CPU
		Release|Any CPU = Release|Any CPU
	EndGlobalSection
	GlobalSection(ProjectConfigurationPlatforms) = postSolution
		{F8DF2523-273C-4122-9351-9195E4AA2AEC}.Debug|Any CPU.ActiveCfg = Debug|Any CPU
		{F8DF2523-273C-4122-9351-9195E4AA2AEC}.Debug|Any CPU.Build.0 = Debug|Any CPU
		{F8DF2523-273C-4122-9351-9195E4AA2AEC}.Release|Any CPU.ActiveCfg = Release|Any CPU
		{F8DF2523-273C-4122-9351-9195E4AA2AEC}.Release|Any CPU.Build.0 = Release|Any CPU
	EndGlobalSection
	GlobalSection(SolutionProperties) = preSolution
		HideSolutionNode = FALSE
	EndGlobalSection
	GlobalSection(ExtensibilityGlobals) = postSolution
		SolutionGuid = {5AC21444-E933-4BC5-B91D-6985EEF3688F}
	EndGlobalSection
EndGlobal
